
Microsoft Visual Studio Solution File, Format Version 12.00
# Visual Studio 15
VisualStudioVersion = 15.0.28010.2050
MinimumVisualStudioVersion = 10.0.40219.1
Project("{FAE04EC0-301F-11D3-BF4B-00C04F79EFBC}") = "Personal Data Management System", "Personal Data Management System\Personal Data Management System.csproj", "{DFE4172B-89CB-4D22-BFB7-BC551C5198AB}"
EndProject
Global
	GlobalSection(SolutionConfigurationPlatforms) = preSolution
		Debug|Any CPU = Debug|Any CPU
		Release|Any CPU = Release|Any CPU
	EndGlobalSection
	GlobalSection(ProjectConfigurationPlatforms) = postSolution
		{DFE4172B-89CB-4D22-BFB7-BC551C5198AB}.Debug|Any CPU.ActiveCfg = Debug|Any CPU
		{DFE4172B-89CB-4D22-BFB7-BC551C5198AB}.Debug|Any CPU.Build.0 = Debug|Any CPU
		{DFE4172B-89CB-4D22-BFB7-BC551C5198AB}.Release|Any CPU.ActiveCfg = Release|Any CPU
		{DFE4172B-89CB-4D22-BFB7-BC551C5198AB}.Release|Any CPU.Build.0 = Release|Any CPU
	EndGlobalSection
	GlobalSection(SolutionProperties) = preSolution
		HideSolutionNode = FALSE
	EndGlobalSection
	GlobalSection(ExtensibilityGlobals) = postSolution
		SolutionGuid = {4D924773-9552-4D4C-B3A5-861212F9E9DD}
	EndGlobalSection
EndGlobal
